# This file is automatically @generated by Cargo.
# It is not intended for manual editing.
version = 3

[[package]]
name = "lb-app"
version = "0.1.0"
dependencies = [
 "lb-core",
 "yml-parser",
]

[[package]]
name = "lb-core"
version = "0.1.0"
dependencies = [
 "yml-parser",
]

[[package]]
name = "yml-parser"
version = "0.1.0"
